<?xml version="1.0" encoding="utf-8"?>
<Project ToolsVersion="4.0" xmlns="http://schemas.microsoft.com/developer/msbuild/2003">
  <ItemGroup>
    <FxCompile Include="Texture.hlsl" />
    <FxCompile Include="TextureAtlas.hlsl" />
    <FxCompile Include="TransformHeader.fx" />
    <FxCompile Include="Debug3D.hlsl" />
    <FxCompile Include="DebugTexture.hlsl" />
    <FxCompile Include="Blur.hlsl" />
    <FxCompile Include="RenderOption.fx" />
    <FxCompile Include="TargetMerge.hlsl" />
    <FxCompile Include="Color.hlsl" />
  </ItemGroup>
</Project>