
Microsoft Visual Studio Solution File, Format Version 12.00
# Visual Studio Version 17
VisualStudioVersion = 17.1.32210.238
MinimumVisualStudioVersion = 10.0.40219.1
Project("{2150E333-8FDC-42A3-9474-1A3956D46DE8}") = "Level0", "Level0", "{2A90162C-04FB-4B5D-93F4-0AF0BAD25E1B}"
EndProject
Project("{2150E333-8FDC-42A3-9474-1A3956D46DE8}") = "Level1", "Level1", "{36DB543D-BB9D-4BB0-843A-95941202104E}"
EndProject
Project("{2150E333-8FDC-42A3-9474-1A3956D46DE8}") = "Level2", "Level2", "{5175830B-802E-424C-A4A1-B38072CF5C20}"
EndProject
Project("{2150E333-8FDC-42A3-9474-1A3956D46DE8}") = "Level3", "Level3", "{64465630-2887-41B0-B342-D7D2B24B158B}"
EndProject
Project("{8BC9CEB8-8B4A-11D0-8D11-00A0C91BC942}") = "GameEngineBase", "GameEngineBase\GameEngineBase.vcxproj", "{979F7F71-1FD1-494E-8255-8B6867097282}"
EndProject
Project("{8BC9CEB8-8B4A-11D0-8D11-00A0C91BC942}") = "GameEngineApp", "GameEngineApp\GameEngineApp.vcxproj", "{9E9C30A2-C117-4931-BF79-BA4D4DC5CA88}"
	ProjectSection(ProjectDependencies) = postProject
		{8A7B9126-03EB-4754-8290-6C2685ED985A} = {8A7B9126-03EB-4754-8290-6C2685ED985A}
		{8DECDE37-BB73-4B10-A9BF-5D505EC0B5EF} = {8DECDE37-BB73-4B10-A9BF-5D505EC0B5EF}
		{979F7F71-1FD1-494E-8255-8B6867097282} = {979F7F71-1FD1-494E-8255-8B6867097282}
	EndProjectSection
EndProject
Project("{8BC9CEB8-8B4A-11D0-8D11-00A0C91BC942}") = "GameEngineCore", "GameEngineCore\GameEngineCore.vcxproj", "{8A7B9126-03EB-4754-8290-6C2685ED985A}"
	ProjectSection(ProjectDependencies) = postProject
		{979F7F71-1FD1-494E-8255-8B6867097282} = {979F7F71-1FD1-494E-8255-8B6867097282}
	EndProjectSection
EndProject
Project("{8BC9CEB8-8B4A-11D0-8D11-00A0C91BC942}") = "GameEngineContents", "GameEngineContents\GameEngineContents.vcxproj", "{8DECDE37-BB73-4B10-A9BF-5D505EC0B5EF}"
	ProjectSection(ProjectDependencies) = postProject
		{8A7B9126-03EB-4754-8290-6C2685ED985A} = {8A7B9126-03EB-4754-8290-6C2685ED985A}
		{979F7F71-1FD1-494E-8255-8B6867097282} = {979F7F71-1FD1-494E-8255-8B6867097282}
	EndProjectSection
EndProject
Project("{8BC9CEB8-8B4A-11D0-8D11-00A0C91BC942}") = "GameEngineShader", "GameEngineShader\GameEngineShader.vcxproj", "{B90B7B1B-0913-493E-965A-0816591233A9}"
EndProject
Global
	GlobalSection(SolutionConfigurationPlatforms) = preSolution
		Debug|x64 = Debug|x64
		Debug|x86 = Debug|x86
		Release|x64 = Release|x64
		Release|x86 = Release|x86
	EndGlobalSection
	GlobalSection(ProjectConfigurationPlatforms) = postSolution
		{979F7F71-1FD1-494E-8255-8B6867097282}.Debug|x64.ActiveCfg = Debug|x64
		{979F7F71-1FD1-494E-8255-8B6867097282}.Debug|x64.Build.0 = Debug|x64
		{979F7F71-1FD1-494E-8255-8B6867097282}.Debug|x86.ActiveCfg = Debug|Win32
		{979F7F71-1FD1-494E-8255-8B6867097282}.Debug|x86.Build.0 = Debug|Win32
		{979F7F71-1FD1-494E-8255-8B6867097282}.Release|x64.ActiveCfg = Release|x64
		{979F7F71-1FD1-494E-8255-8B6867097282}.Release|x64.Build.0 = Release|x64
		{979F7F71-1FD1-494E-8255-8B6867097282}.Release|x86.ActiveCfg = Release|Win32
		{979F7F71-1FD1-494E-8255-8B6867097282}.Release|x86.Build.0 = Release|Win32
		{9E9C30A2-C117-4931-BF79-BA4D4DC5CA88}.Debug|x64.ActiveCfg = Debug|x64
		{9E9C30A2-C117-4931-BF79-BA4D4DC5CA88}.Debug|x64.Build.0 = Debug|x64
		{9E9C30A2-C117-4931-BF79-BA4D4DC5CA88}.Debug|x86.ActiveCfg = Debug|Win32
		{9E9C30A2-C117-4931-BF79-BA4D4DC5CA88}.Debug|x86.Build.0 = Debug|Win32
		{9E9C30A2-C117-4931-BF79-BA4D4DC5CA88}.Release|x64.ActiveCfg = Release|x64
		{9E9C30A2-C117-4931-BF79-BA4D4DC5CA88}.Release|x64.Build.0 = Release|x64
		{9E9C30A2-C117-4931-BF79-BA4D4DC5CA88}.Release|x86.ActiveCfg = Release|Win32
		{9E9C30A2-C117-4931-BF79-BA4D4DC5CA88}.Release|x86.Build.0 = Release|Win32
		{8A7B9126-03EB-4754-8290-6C2685ED985A}.Debug|x64.ActiveCfg = Debug|x64
		{8A7B9126-03EB-4754-8290-6C2685ED985A}.Debug|x64.Build.0 = Debug|x64
		{8A7B9126-03EB-4754-8290-6C2685ED985A}.Debug|x86.ActiveCfg = Debug|Win32
		{8A7B9126-03EB-4754-8290-6C2685ED985A}.Debug|x86.Build.0 = Debug|Win32
		{8A7B9126-03EB-4754-8290-6C2685ED985A}.Release|x64.ActiveCfg = Release|x64
		{8A7B9126-03EB-4754-8290-6C2685ED985A}.Release|x64.Build.0 = Release|x64
		{8A7B9126-03EB-4754-8290-6C2685ED985A}.Release|x86.ActiveCfg = Release|Win32
		{8A7B9126-03EB-4754-8290-6C2685ED985A}.Release|x86.Build.0 = Release|Win32
		{8DECDE37-BB73-4B10-A9BF-5D505EC0B5EF}.Debug|x64.ActiveCfg = Debug|x64
		{8DECDE37-BB73-4B10-A9BF-5D505EC0B5EF}.Debug|x64.Build.0 = Debug|x64
		{8DECDE37-BB73-4B10-A9BF-5D505EC0B5EF}.Debug|x86.ActiveCfg = Debug|Win32
		{8DECDE37-BB73-4B10-A9BF-5D505EC0B5EF}.Debug|x86.Build.0 = Debug|Win32
		{8DECDE37-BB73-4B10-A9BF-5D505EC0B5EF}.Release|x64.ActiveCfg = Release|x64
		{8DECDE37-BB73-4B10-A9BF-5D505EC0B5EF}.Release|x64.Build.0 = Release|x64
		{8DECDE37-BB73-4B10-A9BF-5D505EC0B5EF}.Release|x86.ActiveCfg = Release|Win32
		{8DECDE37-BB73-4B10-A9BF-5D505EC0B5EF}.Release|x86.Build.0 = Release|Win32
		{B90B7B1B-0913-493E-965A-0816591233A9}.Debug|x64.ActiveCfg = Debug|x64
		{B90B7B1B-0913-493E-965A-0816591233A9}.Debug|x64.Build.0 = Debug|x64
		{B90B7B1B-0913-493E-965A-0816591233A9}.Debug|x86.ActiveCfg = Debug|Win32
		{B90B7B1B-0913-493E-965A-0816591233A9}.Debug|x86.Build.0 = Debug|Win32
		{B90B7B1B-0913-493E-965A-0816591233A9}.Release|x64.ActiveCfg = Release|x64
		{B90B7B1B-0913-493E-965A-0816591233A9}.Release|x64.Build.0 = Release|x64
		{B90B7B1B-0913-493E-965A-0816591233A9}.Release|x86.ActiveCfg = Release|Win32
		{B90B7B1B-0913-493E-965A-0816591233A9}.Release|x86.Build.0 = Release|Win32
	EndGlobalSection
	GlobalSection(SolutionProperties) = preSolution
		HideSolutionNode = FALSE
	EndGlobalSection
	GlobalSection(NestedProjects) = preSolution
		{979F7F71-1FD1-494E-8255-8B6867097282} = {2A90162C-04FB-4B5D-93F4-0AF0BAD25E1B}
		{9E9C30A2-C117-4931-BF79-BA4D4DC5CA88} = {64465630-2887-41B0-B342-D7D2B24B158B}
		{8A7B9126-03EB-4754-8290-6C2685ED985A} = {36DB543D-BB9D-4BB0-843A-95941202104E}
		{8DECDE37-BB73-4B10-A9BF-5D505EC0B5EF} = {5175830B-802E-424C-A4A1-B38072CF5C20}
		{B90B7B1B-0913-493E-965A-0816591233A9} = {36DB543D-BB9D-4BB0-843A-95941202104E}
	EndGlobalSection
	GlobalSection(ExtensibilityGlobals) = postSolution
		SolutionGuid = {A344E3FB-5194-4CAD-8050-C283333AA788}
	EndGlobalSection
EndGlobal
