<?xml version="1.0" encoding="utf-8"?>
<Project ToolsVersion="4.0" xmlns="http://schemas.microsoft.com/developer/msbuild/2003">
  <ItemGroup>
    <Filter Include="Contents">
      <UniqueIdentifier>{a736c891-6fe7-4cae-85bc-9a3d591f3c2b}</UniqueIdentifier>
    </Filter>
    <Filter Include="Core">
      <UniqueIdentifier>{b6043dd5-7a58-4596-af7a-e9817fcf98aa}</UniqueIdentifier>
    </Filter>
    <Filter Include="Device">
      <UniqueIdentifier>{6f4bb7bd-e8de-4049-93c1-9a94a6158aff}</UniqueIdentifier>
    </Filter>
    <Filter Include="GUI">
      <UniqueIdentifier>{199427e5-defe-4c72-a301-1e8459858012}</UniqueIdentifier>
    </Filter>
    <Filter Include="Object">
      <UniqueIdentifier>{7d2302ee-8277-4b6f-a20a-63a57ccb5e43}</UniqueIdentifier>
    </Filter>
    <Filter Include="PreCompile">
      <UniqueIdentifier>{5d1e0d50-0642-4f8d-b25a-cdccbcd9edaa}</UniqueIdentifier>
    </Filter>
    <Filter Include="Resources">
      <UniqueIdentifier>{ff92614f-0b37-44c8-972c-ef2049b38341}</UniqueIdentifier>
    </Filter>
    <Filter Include="ThirdParty">
      <UniqueIdentifier>{28d1c5c0-2900-40e0-8432-1bcc7b366407}</UniqueIdentifier>
    </Filter>
    <Filter Include="ThirdParty\Inc">
      <UniqueIdentifier>{4f3222be-98e7-4229-95ec-388f1c958e2c}</UniqueIdentifier>
    </Filter>
    <Filter Include="ThirdParty\Lib">
      <UniqueIdentifier>{37ce2769-bb96-465f-8b2e-3010df78cd35}</UniqueIdentifier>
    </Filter>
    <Filter Include="GUI\EngineGUIWindow">
      <UniqueIdentifier>{08e82219-b1c1-4390-a350-7e25c91f937b}</UniqueIdentifier>
    </Filter>
    <Filter Include="GUI\IMGUI">
      <UniqueIdentifier>{521c4669-9c82-4df3-97e5-10b7f4ae39d7}</UniqueIdentifier>
    </Filter>
    <Filter Include="Object\Component">
      <UniqueIdentifier>{1995d1cf-e201-4899-9afd-61687ead4466}</UniqueIdentifier>
    </Filter>
    <Filter Include="Object\Component\Collision">
      <UniqueIdentifier>{5273a88e-e169-4997-b24a-654f6de286e9}</UniqueIdentifier>
    </Filter>
    <Filter Include="Object\Component\Rendering">
      <UniqueIdentifier>{dcb1afda-3031-4a5f-9281-885d11dfe3a8}</UniqueIdentifier>
    </Filter>
    <Filter Include="Object\Component\Rendering\Content">
      <UniqueIdentifier>{a6e5c53e-871a-42c7-a3c4-036945cdf76e}</UniqueIdentifier>
    </Filter>
    <Filter Include="Resources\InputAssembler">
      <UniqueIdentifier>{cd67db23-278b-4047-96a8-786b1677e77a}</UniqueIdentifier>
    </Filter>
    <Filter Include="Resources\OutputMerger">
      <UniqueIdentifier>{f458acec-c178-4ed9-b551-ce44bedd9c4f}</UniqueIdentifier>
    </Filter>
    <Filter Include="Resources\Rasterizer">
      <UniqueIdentifier>{76f5e88b-13b4-4dd8-8572-9e60c7eb7959}</UniqueIdentifier>
    </Filter>
    <Filter Include="Resources\Shader">
      <UniqueIdentifier>{6d2e3ac3-d2ec-4592-bfca-9d4f8b24a89b}</UniqueIdentifier>
    </Filter>
    <Filter Include="Resources\ShaderResources">
      <UniqueIdentifier>{b73e4016-6977-4171-aa6d-95aa12f8a7a0}</UniqueIdentifier>
    </Filter>
    <Filter Include="Resources\Texture">
      <UniqueIdentifier>{ab5f1186-7d21-4457-b31c-f0ffc8f02f62}</UniqueIdentifier>
    </Filter>
    <Filter Include="ThirdParty\Lib\Debug">
      <UniqueIdentifier>{6f100d2f-5e84-45ee-82da-4c4148c7f659}</UniqueIdentifier>
    </Filter>
    <Filter Include="ThirdParty\Lib\Release">
      <UniqueIdentifier>{7cac8eb6-e15b-40b4-bbc4-d19c6dc571ca}</UniqueIdentifier>
    </Filter>
    <Filter Include="Resources\Font">
      <UniqueIdentifier>{7e97e641-003f-4220-9f66-952bc430276e}</UniqueIdentifier>
    </Filter>
    <Filter Include="Debug">
      <UniqueIdentifier>{78411cb5-8f28-421d-ad5c-ffc3da25b654}</UniqueIdentifier>
    </Filter>
  </ItemGroup>
  <ItemGroup>
    <ClCompile Include="GameEngineStateManager.cpp">
      <Filter>Contents</Filter>
    </ClCompile>
    <ClCompile Include="GameEngineCore.cpp">
      <Filter>Core</Filter>
    </ClCompile>
    <ClCompile Include="GameEngineCore_Resources.cpp">
      <Filter>Core</Filter>
    </ClCompile>
    <ClCompile Include="GameEngineDevice.cpp">
      <Filter>Device</Filter>
    </ClCompile>
    <ClCompile Include="GameEngineGUI.cpp">
      <Filter>GUI</Filter>
    </ClCompile>
    <ClCompile Include="GameEngineStatusWindow.cpp">
      <Filter>GUI\EngineGUIWindow</Filter>
    </ClCompile>
    <ClCompile Include="imgui.cpp">
      <Filter>GUI\IMGUI</Filter>
    </ClCompile>
    <ClCompile Include="imgui_draw.cpp">
      <Filter>GUI\IMGUI</Filter>
    </ClCompile>
    <ClCompile Include="imgui_impl_dx11.cpp">
      <Filter>GUI\IMGUI</Filter>
    </ClCompile>
    <ClCompile Include="imgui_impl_win32.cpp">
      <Filter>GUI\IMGUI</Filter>
    </ClCompile>
    <ClCompile Include="imgui_tables.cpp">
      <Filter>GUI\IMGUI</Filter>
    </ClCompile>
    <ClCompile Include="imgui_widgets.cpp">
      <Filter>GUI\IMGUI</Filter>
    </ClCompile>
    <ClCompile Include="GameEngineActor.cpp">
      <Filter>Object</Filter>
    </ClCompile>
    <ClCompile Include="GameEngineLevel.cpp">
      <Filter>Object</Filter>
    </ClCompile>
    <ClCompile Include="GameEngineCollision.cpp">
      <Filter>Object\Component\Collision</Filter>
    </ClCompile>
    <ClCompile Include="GameEngineShaderResourcesHelper.cpp">
      <Filter>Object\Component\Rendering</Filter>
    </ClCompile>
    <ClCompile Include="GameEngineCamera.cpp">
      <Filter>Object\Component\Rendering</Filter>
    </ClCompile>
    <ClCompile Include="GameEngineCameraActor.cpp">
      <Filter>Object\Component\Rendering</Filter>
    </ClCompile>
    <ClCompile Include="GameEngineDefaultRenderer.cpp">
      <Filter>Object\Component\Rendering</Filter>
    </ClCompile>
    <ClCompile Include="GameEngineRenderer.cpp">
      <Filter>Object\Component\Rendering</Filter>
    </ClCompile>
    <ClCompile Include="GameEngineUIRenderer.cpp">
      <Filter>Object\Component\Rendering\Content</Filter>
    </ClCompile>
    <ClCompile Include="GameEngineTextureRenderer.cpp">
      <Filter>Object\Component\Rendering\Content</Filter>
    </ClCompile>
    <ClCompile Include="..\..\..\AR40\DIRECTX\GameEngineCore\PreCompile.cpp">
      <Filter>PreCompile</Filter>
    </ClCompile>
    <ClCompile Include="GameEngineRes.cpp">
      <Filter>Resources</Filter>
    </ClCompile>
    <ClCompile Include="GameEngineRenderingPipeLine.cpp">
      <Filter>Resources</Filter>
    </ClCompile>
    <ClCompile Include="GameEngineVertexs.cpp">
      <Filter>Resources\InputAssembler</Filter>
    </ClCompile>
    <ClCompile Include="GameEngineIndexBuffer.cpp">
      <Filter>Resources\InputAssembler</Filter>
    </ClCompile>
    <ClCompile Include="GameEngineInputLayOut.cpp">
      <Filter>Resources\InputAssembler</Filter>
    </ClCompile>
    <ClCompile Include="GameEngineVertexBuffer.cpp">
      <Filter>Resources\InputAssembler</Filter>
    </ClCompile>
    <ClCompile Include="GameEngineRenderTarget.cpp">
      <Filter>Resources\OutputMerger</Filter>
    </ClCompile>
    <ClCompile Include="GameEngineBlend.cpp">
      <Filter>Resources\OutputMerger</Filter>
    </ClCompile>
    <ClCompile Include="GameEngineDepthStencil.cpp">
      <Filter>Resources\OutputMerger</Filter>
    </ClCompile>
    <ClCompile Include="GameEngineDepthStencilTexture.cpp">
      <Filter>Resources\OutputMerger</Filter>
    </ClCompile>
    <ClCompile Include="GameEngineRasterizer.cpp">
      <Filter>Resources\Rasterizer</Filter>
    </ClCompile>
    <ClCompile Include="GameEnginePixelShader.cpp">
      <Filter>Resources\Shader</Filter>
    </ClCompile>
    <ClCompile Include="GameEngineShader.cpp">
      <Filter>Resources\Shader</Filter>
    </ClCompile>
    <ClCompile Include="GameEngineVertexShader.cpp">
      <Filter>Resources\Shader</Filter>
    </ClCompile>
    <ClCompile Include="GameEngineConstantBuffer.cpp">
      <Filter>Resources\ShaderResources</Filter>
    </ClCompile>
    <ClCompile Include="GameEngineTexture.cpp">
      <Filter>Resources\Texture</Filter>
    </ClCompile>
    <ClCompile Include="GameEngineFolderTexture.cpp">
      <Filter>Resources\Texture</Filter>
    </ClCompile>
    <ClCompile Include="GameEngineSampler.cpp">
      <Filter>Resources\Texture</Filter>
    </ClCompile>
    <ClCompile Include="GEngine.cpp" />
    <ClCompile Include="GameEngineTransformBase.cpp">
      <Filter>Object\Component</Filter>
    </ClCompile>
    <ClCompile Include="GameEngineTransformComponent.cpp">
      <Filter>Object\Component</Filter>
    </ClCompile>
    <ClCompile Include="GameEngineComponent.cpp">
      <Filter>Object\Component</Filter>
    </ClCompile>
    <ClCompile Include="GameEngineFontRenderer.cpp">
      <Filter>Object\Component\Rendering\Content</Filter>
    </ClCompile>
    <ClCompile Include="GameEngineFont.cpp">
      <Filter>Resources\Font</Filter>
    </ClCompile>
    <ClCompile Include="GameEngineCoreDebug.cpp">
      <Filter>Debug</Filter>
    </ClCompile>
    <ClCompile Include="GameEngineUpdateObject.cpp">
      <Filter>Object\Component</Filter>
    </ClCompile>
  </ItemGroup>
  <ItemGroup>
    <ClInclude Include="GameEngineStateManager.h">
      <Filter>Contents</Filter>
    </ClInclude>
    <ClInclude Include="GameEngineCore.h">
      <Filter>Core</Filter>
    </ClInclude>
    <ClInclude Include="GameEngineDevice.h">
      <Filter>Device</Filter>
    </ClInclude>
    <ClInclude Include="GameEngineGUI.h">
      <Filter>GUI</Filter>
    </ClInclude>
    <ClInclude Include="GameEngineStatusWindow.h">
      <Filter>GUI\EngineGUIWindow</Filter>
    </ClInclude>
    <ClInclude Include="imconfig.h">
      <Filter>GUI\IMGUI</Filter>
    </ClInclude>
    <ClInclude Include="imgui.h">
      <Filter>GUI\IMGUI</Filter>
    </ClInclude>
    <ClInclude Include="imgui_impl_dx11.h">
      <Filter>GUI\IMGUI</Filter>
    </ClInclude>
    <ClInclude Include="imgui_impl_win32.h">
      <Filter>GUI\IMGUI</Filter>
    </ClInclude>
    <ClInclude Include="imgui_internal.h">
      <Filter>GUI\IMGUI</Filter>
    </ClInclude>
    <ClInclude Include="imstb_rectpack.h">
      <Filter>GUI\IMGUI</Filter>
    </ClInclude>
    <ClInclude Include="imstb_textedit.h">
      <Filter>GUI\IMGUI</Filter>
    </ClInclude>
    <ClInclude Include="imstb_truetype.h">
      <Filter>GUI\IMGUI</Filter>
    </ClInclude>
    <ClInclude Include="GameEngineActor.h">
      <Filter>Object</Filter>
    </ClInclude>
    <ClInclude Include="GameEngineLevel.h">
      <Filter>Object</Filter>
    </ClInclude>
    <ClInclude Include="GameEngineCollision.h">
      <Filter>Object\Component\Collision</Filter>
    </ClInclude>
    <ClInclude Include="GameEngineShaderResourcesHelper.h">
      <Filter>Object\Component\Rendering</Filter>
    </ClInclude>
    <ClInclude Include="GameEngineCamera.h">
      <Filter>Object\Component\Rendering</Filter>
    </ClInclude>
    <ClInclude Include="GameEngineCameraActor.h">
      <Filter>Object\Component\Rendering</Filter>
    </ClInclude>
    <ClInclude Include="GameEngineDefaultRenderer.h">
      <Filter>Object\Component\Rendering</Filter>
    </ClInclude>
    <ClInclude Include="GameEngineRenderer.h">
      <Filter>Object\Component\Rendering</Filter>
    </ClInclude>
    <ClInclude Include="GameEngineTextureRenderer.h">
      <Filter>Object\Component\Rendering\Content</Filter>
    </ClInclude>
    <ClInclude Include="GameEngineUIRenderer.h">
      <Filter>Object\Component\Rendering\Content</Filter>
    </ClInclude>
    <ClInclude Include="..\..\..\AR40\DIRECTX\GameEngineCore\PreCompile.h">
      <Filter>PreCompile</Filter>
    </ClInclude>
    <ClInclude Include="GameEngineRes.h">
      <Filter>Resources</Filter>
    </ClInclude>
    <ClInclude Include="GameEngineRenderingPipeLine.h">
      <Filter>Resources</Filter>
    </ClInclude>
    <ClInclude Include="GameEngineVertexBuffer.h">
      <Filter>Resources\InputAssembler</Filter>
    </ClInclude>
    <ClInclude Include="GameEngineVertexs.h">
      <Filter>Resources\InputAssembler</Filter>
    </ClInclude>
    <ClInclude Include="GameEngineIndexBuffer.h">
      <Filter>Resources\InputAssembler</Filter>
    </ClInclude>
    <ClInclude Include="GameEngineInputLayOut.h">
      <Filter>Resources\InputAssembler</Filter>
    </ClInclude>
    <ClInclude Include="GameEngineRenderTarget.h">
      <Filter>Resources\OutputMerger</Filter>
    </ClInclude>
    <ClInclude Include="GameEngineBlend.h">
      <Filter>Resources\OutputMerger</Filter>
    </ClInclude>
    <ClInclude Include="GameEngineDepthStencil.h">
      <Filter>Resources\OutputMerger</Filter>
    </ClInclude>
    <ClInclude Include="GameEngineDepthStencilTexture.h">
      <Filter>Resources\OutputMerger</Filter>
    </ClInclude>
    <ClInclude Include="GameEngineRasterizer.h">
      <Filter>Resources\Rasterizer</Filter>
    </ClInclude>
    <ClInclude Include="GameEnginePixelShader.h">
      <Filter>Resources\Shader</Filter>
    </ClInclude>
    <ClInclude Include="GameEngineShader.h">
      <Filter>Resources\Shader</Filter>
    </ClInclude>
    <ClInclude Include="GameEngineVertexShader.h">
      <Filter>Resources\Shader</Filter>
    </ClInclude>
    <ClInclude Include="GameEngineConstantBuffer.h">
      <Filter>Resources\ShaderResources</Filter>
    </ClInclude>
    <ClInclude Include="GameEngineTexture.h">
      <Filter>Resources\Texture</Filter>
    </ClInclude>
    <ClInclude Include="GameEngineFolderTexture.h">
      <Filter>Resources\Texture</Filter>
    </ClInclude>
    <ClInclude Include="GameEngineSampler.h">
      <Filter>Resources\Texture</Filter>
    </ClInclude>
    <ClInclude Include="ThirdParty\inc\DirectXTex.h">
      <Filter>ThirdParty\Inc</Filter>
    </ClInclude>
    <ClInclude Include="CoreMinimal.h" />
    <ClInclude Include="GEngine.h" />
    <ClInclude Include="GameEngineTransformBase.h">
      <Filter>Object\Component</Filter>
    </ClInclude>
    <ClInclude Include="GameEngineTransformComponent.h">
      <Filter>Object\Component</Filter>
    </ClInclude>
    <ClInclude Include="GameEngineComponent.h">
      <Filter>Object\Component</Filter>
    </ClInclude>
    <ClInclude Include="GameEngineFontRenderer.h">
      <Filter>Object\Component\Rendering\Content</Filter>
    </ClInclude>
    <ClInclude Include="GameEngineFont.h">
      <Filter>Resources\Font</Filter>
    </ClInclude>
    <ClInclude Include="ThirdParty\inc\FW1FontWrapper.h">
      <Filter>ThirdParty\Inc</Filter>
    </ClInclude>
    <ClInclude Include="GameEngineCoreDebug.h">
      <Filter>Debug</Filter>
    </ClInclude>
    <ClInclude Include="portable-file-dialogs.h">
      <Filter>GUI</Filter>
    </ClInclude>
    <ClInclude Include="GameEngineUpdateObject.h">
      <Filter>Object\Component</Filter>
    </ClInclude>
  </ItemGroup>
  <ItemGroup>
    <CopyFileToFolders Include="ThirdParty\bin\Release\DirectXTex.lib">
      <Filter>ThirdParty\Lib\Release</Filter>
    </CopyFileToFolders>
    <CopyFileToFolders Include="ThirdParty\bin\Release\FW1FontWrapper.dll">
      <Filter>ThirdParty\Lib\Release</Filter>
    </CopyFileToFolders>
    <CopyFileToFolders Include="ThirdParty\bin\Release\FW1FontWrapper.lib">
      <Filter>ThirdParty\Lib\Release</Filter>
    </CopyFileToFolders>
    <CopyFileToFolders Include="ThirdParty\bin\Debug\DirectXTex.lib">
      <Filter>ThirdParty\Lib\Debug</Filter>
    </CopyFileToFolders>
    <CopyFileToFolders Include="ThirdParty\bin\Debug\FW1FontWrapper.lib">
      <Filter>ThirdParty\Lib\Debug</Filter>
    </CopyFileToFolders>
    <CopyFileToFolders Include="ThirdParty\bin\Debug\FW1FontWrapper.dll">
      <Filter>ThirdParty\Lib\Debug</Filter>
    </CopyFileToFolders>
  </ItemGroup>
</Project>