<?xml version="1.0" encoding="utf-8"?>
<Project ToolsVersion="4.0" xmlns="http://schemas.microsoft.com/developer/msbuild/2003">
  <ItemGroup>
    <Filter Include="Contents">
      <UniqueIdentifier>{48227bca-5fac-4906-b5aa-1fd4f19b322e}</UniqueIdentifier>
    </Filter>
    <Filter Include="PreCompile">
      <UniqueIdentifier>{a6eb18f1-1c3b-400b-a5e7-a212238703e4}</UniqueIdentifier>
    </Filter>
    <Filter Include="Contents\Actor">
      <UniqueIdentifier>{6292bde0-bc38-448d-8303-e274f6a4b192}</UniqueIdentifier>
    </Filter>
    <Filter Include="Contents\Actor\Monster">
      <UniqueIdentifier>{9da749d6-1ece-423e-bb03-c1183cf5c812}</UniqueIdentifier>
    </Filter>
    <Filter Include="Contents\Actor\Player">
      <UniqueIdentifier>{6751c2b0-f8e5-45b4-89a6-ce50e72f4781}</UniqueIdentifier>
    </Filter>
    <Filter Include="Contents\Actor\UI">
      <UniqueIdentifier>{7231ae4d-d06c-4090-8922-9f9f15746602}</UniqueIdentifier>
    </Filter>
    <Filter Include="Contents\Actor\Map">
      <UniqueIdentifier>{69bce9d9-4e4e-4250-8220-600ef35bd7c5}</UniqueIdentifier>
    </Filter>
    <Filter Include="Contents\Actor\Title">
      <UniqueIdentifier>{2ac2af46-b94d-4a77-920b-ed222531e11a}</UniqueIdentifier>
    </Filter>
    <Filter Include="Contents\Level">
      <UniqueIdentifier>{f7f98585-80fe-4089-b790-46267e1f024b}</UniqueIdentifier>
    </Filter>
    <Filter Include="Contents\Global">
      <UniqueIdentifier>{75dd857f-5f15-4b0d-bfd7-cd66f65f29e9}</UniqueIdentifier>
    </Filter>
    <Filter Include="Effect">
      <UniqueIdentifier>{cd2a260b-397f-44c6-820e-ebbe6de28007}</UniqueIdentifier>
    </Filter>
    <Filter Include="Effect\MyRenderer">
      <UniqueIdentifier>{e6595562-29a5-49c2-91e2-18a49b842c82}</UniqueIdentifier>
    </Filter>
    <Filter Include="Effect\PostEffect">
      <UniqueIdentifier>{4c398ac4-c9d4-40b1-936e-88d28d6275f9}</UniqueIdentifier>
    </Filter>
    <Filter Include="Contents\Actor\Object">
      <UniqueIdentifier>{0f94467f-96ab-4f6a-9ca7-d05d1164050e}</UniqueIdentifier>
    </Filter>
  </ItemGroup>
  <ItemGroup>
    <ClCompile Include="PreCompile.cpp">
      <Filter>PreCompile</Filter>
    </ClCompile>
    <ClCompile Include="HollowKnigntCore.cpp">
      <Filter>Contents</Filter>
    </ClCompile>
    <ClCompile Include="IntroLevel.cpp">
      <Filter>Contents\Level</Filter>
    </ClCompile>
    <ClCompile Include="Tutorial1Level.cpp">
      <Filter>Contents\Level</Filter>
    </ClCompile>
    <ClCompile Include="Tutorial2Level.cpp">
      <Filter>Contents\Level</Filter>
    </ClCompile>
    <ClCompile Include="Tutorial3Level.cpp">
      <Filter>Contents\Level</Filter>
    </ClCompile>
    <ClCompile Include="Tutorial4Level.cpp">
      <Filter>Contents\Level</Filter>
    </ClCompile>
    <ClCompile Include="Town1Level.cpp">
      <Filter>Contents\Level</Filter>
    </ClCompile>
    <ClCompile Include="PlayLevelManager.cpp">
      <Filter>Contents\Level</Filter>
    </ClCompile>
    <ClCompile Include="Crawler.cpp">
      <Filter>Contents\Actor\Monster</Filter>
    </ClCompile>
    <ClCompile Include="Player.cpp">
      <Filter>Contents\Actor\Player</Filter>
    </ClCompile>
    <ClCompile Include="GlobalContentsValue.cpp">
      <Filter>Contents\Global</Filter>
    </ClCompile>
    <ClCompile Include="TopUI.cpp">
      <Filter>Contents\Actor\UI</Filter>
    </ClCompile>
    <ClCompile Include="MapSet.cpp">
      <Filter>Contents\Actor\Map</Filter>
    </ClCompile>
    <ClCompile Include="TitleObject.cpp">
      <Filter>Contents\Actor\Title</Filter>
    </ClCompile>
    <ClCompile Include="Mouse.cpp">
      <Filter>Contents\Actor\Title</Filter>
    </ClCompile>
    <ClCompile Include="MapMoveCollision.cpp">
      <Filter>Contents\Actor\Map</Filter>
    </ClCompile>
    <ClCompile Include="GameEngineMyRenderer.cpp">
      <Filter>Effect\MyRenderer</Filter>
    </ClCompile>
    <ClCompile Include="Town2Level.cpp">
      <Filter>Contents\Level</Filter>
    </ClCompile>
    <ClCompile Include="Town3Level.cpp">
      <Filter>Contents\Level</Filter>
    </ClCompile>
    <ClCompile Include="BlueLight.cpp">
      <Filter>Effect\PostEffect</Filter>
    </ClCompile>
    <ClCompile Include="GeoCoin.cpp">
      <Filter>Contents\Actor\Object</Filter>
    </ClCompile>
    <ClCompile Include="BugGlow.cpp">
      <Filter>Contents\Actor\Object</Filter>
    </ClCompile>
    <ClCompile Include="Buzzer.cpp">
      <Filter>Contents\Actor\Monster</Filter>
    </ClCompile>
    <ClCompile Include="ChageExplanation.cpp">
      <Filter>Contents\Actor\Object</Filter>
    </ClCompile>
    <ClCompile Include="TownFontUI.cpp">
      <Filter>Contents\Actor\UI</Filter>
    </ClCompile>
  </ItemGroup>
  <ItemGroup>
    <ClInclude Include="PreCompile.h">
      <Filter>PreCompile</Filter>
    </ClInclude>
    <ClInclude Include="HollowKnigntCore.h">
      <Filter>Contents</Filter>
    </ClInclude>
    <ClInclude Include="IntroLevel.h">
      <Filter>Contents\Level</Filter>
    </ClInclude>
    <ClInclude Include="Tutorial1Level.h">
      <Filter>Contents\Level</Filter>
    </ClInclude>
    <ClInclude Include="Tutorial2Level.h">
      <Filter>Contents\Level</Filter>
    </ClInclude>
    <ClInclude Include="Tutorial3Level.h">
      <Filter>Contents\Level</Filter>
    </ClInclude>
    <ClInclude Include="Tutorial4Level.h">
      <Filter>Contents\Level</Filter>
    </ClInclude>
    <ClInclude Include="Town1Level.h">
      <Filter>Contents\Level</Filter>
    </ClInclude>
    <ClInclude Include="ContentsEnum.h">
      <Filter>Contents\Global</Filter>
    </ClInclude>
    <ClInclude Include="PlayLevelManager.h">
      <Filter>Contents\Level</Filter>
    </ClInclude>
    <ClInclude Include="Crawler.h">
      <Filter>Contents\Actor\Monster</Filter>
    </ClInclude>
    <ClInclude Include="Player.h">
      <Filter>Contents\Actor\Player</Filter>
    </ClInclude>
    <ClInclude Include="GlobalContentsValue.h">
      <Filter>Contents\Global</Filter>
    </ClInclude>
    <ClInclude Include="TopUI.h">
      <Filter>Contents\Actor\UI</Filter>
    </ClInclude>
    <ClInclude Include="MapSet.h">
      <Filter>Contents\Actor\Map</Filter>
    </ClInclude>
    <ClInclude Include="TitleObject.h">
      <Filter>Contents\Actor\Title</Filter>
    </ClInclude>
    <ClInclude Include="Mouse.h">
      <Filter>Contents\Actor\Title</Filter>
    </ClInclude>
    <ClInclude Include="MapMoveCollision.h">
      <Filter>Contents\Actor\Map</Filter>
    </ClInclude>
    <ClInclude Include="GameEngineMyRenderer.h">
      <Filter>Effect\MyRenderer</Filter>
    </ClInclude>
    <ClInclude Include="Town2Level.h">
      <Filter>Contents\Level</Filter>
    </ClInclude>
    <ClInclude Include="Town3Level.h">
      <Filter>Contents\Level</Filter>
    </ClInclude>
    <ClInclude Include="BlueLight.h">
      <Filter>Effect\PostEffect</Filter>
    </ClInclude>
    <ClInclude Include="GeoCoin.h">
      <Filter>Contents\Actor\Object</Filter>
    </ClInclude>
    <ClInclude Include="BugGlow.h">
      <Filter>Contents\Actor\Object</Filter>
    </ClInclude>
    <ClInclude Include="Buzzer.h">
      <Filter>Contents\Actor\Monster</Filter>
    </ClInclude>
    <ClInclude Include="ChageExplanation.h">
      <Filter>Contents\Actor\Object</Filter>
    </ClInclude>
    <ClInclude Include="TownFontUI.h">
      <Filter>Contents\Actor\UI</Filter>
    </ClInclude>
  </ItemGroup>
</Project>